Microsoft Visual Studio Solution File, Format Version 12.00
# Visual Studio 15
VisualStudioVersion = 15.0.27703.1
MinimumVisualStudioVersion = 10.0.40219.1
Project("{2150E333-8FDC-42A3-9474-1A3956D46DE8}") = ".paket", ".paket", "{A2D33A7E-AE81-4211-9040-92E8BD406FE2}"
	ProjectSection(SolutionItems) = preProject
		paket.dependencies = paket.dependencies
		paket.lock = paket.lock
	EndProjectSection
EndProject
Project("{FAE04EC0-301F-11D3-BF4B-00C04F79EFBC}") = "mySample", "mySample\mySample.csproj", "{A8D824FB-A545-4C08-BD6A-EC88D004B9C5}"
EndProject
Project("{FAE04EC0-301F-11D3-BF4B-00C04F79EFBC}") = "WixSharpSetup", "WixSharpSetup\WixSharpSetup.csproj", "{C9A243E5-6443-4A00-ACAC-C20A61286264}"
	ProjectSection(ProjectDependencies) = postProject
		{FE3BCF72-1BB7-4BD5-AD8E-3F72FDB37A84} = {FE3BCF72-1BB7-4BD5-AD8E-3F72FDB37A84}
		{F135D7B8-747C-4C4F-A9FC-1F3A25FBD403} = {F135D7B8-747C-4C4F-A9FC-1F3A25FBD403}
		{059C99BE-43CB-4B0D-8222-282617D239D5} = {059C99BE-43CB-4B0D-8222-282617D239D5}
		{A8D824FB-A545-4C08-BD6A-EC88D004B9C5} = {A8D824FB-A545-4C08-BD6A-EC88D004B9C5}
	EndProjectSection
EndProject
Project("{FAE04EC0-301F-11D3-BF4B-00C04F79EFBC}") = "InstallerCA", "InstallerCA\InstallerCA.csproj", "{F135D7B8-747C-4C4F-A9FC-1F3A25FBD403}"
EndProject
Project("{FAE04EC0-301F-11D3-BF4B-00C04F79EFBC}") = "manageOpenKey", "manageOpenKey\manageOpenKey.csproj", "{059C99BE-43CB-4B0D-8222-282617D239D5}"
EndProject
Project("{FAE04EC0-301F-11D3-BF4B-00C04F79EFBC}") = "mySampleWiXSetupCA", "mySampleWiXSetupCA\mySampleWiXSetupCA.csproj", "{FE3BCF72-1BB7-4BD5-AD8E-3F72FDB37A84}"
EndProject
Global
	GlobalSection(SolutionConfigurationPlatforms) = preSolution
		Debug|Any CPU = Debug|Any CPU
		Debug|x86 = Debug|x86
		Release|Any CPU = Release|Any CPU
		Release|x86 = Release|x86
	EndGlobalSection
	GlobalSection(ProjectConfigurationPlatforms) = postSolution
		{A8D824FB-A545-4C08-BD6A-EC88D004B9C5}.Debug|Any CPU.ActiveCfg = Debug|Any CPU
		{A8D824FB-A545-4C08-BD6A-EC88D004B9C5}.Debug|Any CPU.Build.0 = Debug|Any CPU
		{A8D824FB-A545-4C08-BD6A-EC88D004B9C5}.Debug|x86.ActiveCfg = Debug|Any CPU
		{A8D824FB-A545-4C08-BD6A-EC88D004B9C5}.Debug|x86.Build.0 = Debug|Any CPU
		{A8D824FB-A545-4C08-BD6A-EC88D004B9C5}.Release|Any CPU.ActiveCfg = Release|Any CPU
		{A8D824FB-A545-4C08-BD6A-EC88D004B9C5}.Release|Any CPU.Build.0 = Release|Any CPU
		{A8D824FB-A545-4C08-BD6A-EC88D004B9C5}.Release|x86.ActiveCfg = Release|Any CPU
		{A8D824FB-A545-4C08-BD6A-EC88D004B9C5}.Release|x86.Build.0 = Release|Any CPU
		{C9A243E5-6443-4A00-ACAC-C20A61286264}.Debug|Any CPU.ActiveCfg = Debug|Any CPU
		{C9A243E5-6443-4A00-ACAC-C20A61286264}.Debug|Any CPU.Build.0 = Debug|Any CPU
		{C9A243E5-6443-4A00-ACAC-C20A61286264}.Debug|x86.ActiveCfg = Debug|Any CPU
		{C9A243E5-6443-4A00-ACAC-C20A61286264}.Debug|x86.Build.0 = Debug|Any CPU
		{C9A243E5-6443-4A00-ACAC-C20A61286264}.Release|Any CPU.ActiveCfg = Release|Any CPU
		{C9A243E5-6443-4A00-ACAC-C20A61286264}.Release|Any CPU.Build.0 = Release|Any CPU
		{C9A243E5-6443-4A00-ACAC-C20A61286264}.Release|x86.ActiveCfg = Release|Any CPU
		{C9A243E5-6443-4A00-ACAC-C20A61286264}.Release|x86.Build.0 = Release|Any CPU
		{F135D7B8-747C-4C4F-A9FC-1F3A25FBD403}.Debug|Any CPU.ActiveCfg = Debug|Any CPU
		{F135D7B8-747C-4C4F-A9FC-1F3A25FBD403}.Debug|Any CPU.Build.0 = Debug|Any CPU
		{F135D7B8-747C-4C4F-A9FC-1F3A25FBD403}.Debug|x86.ActiveCfg = Debug|Any CPU
		{F135D7B8-747C-4C4F-A9FC-1F3A25FBD403}.Debug|x86.Build.0 = Debug|Any CPU
		{F135D7B8-747C-4C4F-A9FC-1F3A25FBD403}.Release|Any CPU.ActiveCfg = Release|Any CPU
		{F135D7B8-747C-4C4F-A9FC-1F3A25FBD403}.Release|Any CPU.Build.0 = Release|Any CPU
		{F135D7B8-747C-4C4F-A9FC-1F3A25FBD403}.Release|x86.ActiveCfg = Release|Any CPU
		{F135D7B8-747C-4C4F-A9FC-1F3A25FBD403}.Release|x86.Build.0 = Release|Any CPU
		{059C99BE-43CB-4B0D-8222-282617D239D5}.Debug|Any CPU.ActiveCfg = Debug|Any CPU
		{059C99BE-43CB-4B0D-8222-282617D239D5}.Debug|Any CPU.Build.0 = Debug|Any CPU
		{059C99BE-43CB-4B0D-8222-282617D239D5}.Debug|x86.ActiveCfg = Debug|Any CPU
		{059C99BE-43CB-4B0D-8222-282617D239D5}.Debug|x86.Build.0 = Debug|Any CPU
		{059C99BE-43CB-4B0D-8222-282617D239D5}.Release|Any CPU.ActiveCfg = Release|Any CPU
		{059C99BE-43CB-4B0D-8222-282617D239D5}.Release|Any CPU.Build.0 = Release|Any CPU
		{059C99BE-43CB-4B0D-8222-282617D239D5}.Release|x86.ActiveCfg = Release|Any CPU
		{059C99BE-43CB-4B0D-8222-282617D239D5}.Release|x86.Build.0 = Release|Any CPU
		{FE3BCF72-1BB7-4BD5-AD8E-3F72FDB37A84}.Debug|Any CPU.ActiveCfg = Debug|x86
		{FE3BCF72-1BB7-4BD5-AD8E-3F72FDB37A84}.Debug|x86.ActiveCfg = Debug|x86
		{FE3BCF72-1BB7-4BD5-AD8E-3F72FDB37A84}.Debug|x86.Build.0 = Debug|x86
		{FE3BCF72-1BB7-4BD5-AD8E-3F72FDB37A84}.Release|Any CPU.ActiveCfg = Release|x86
		{FE3BCF72-1BB7-4BD5-AD8E-3F72FDB37A84}.Release|x86.ActiveCfg = Release|x86
		{FE3BCF72-1BB7-4BD5-AD8E-3F72FDB37A84}.Release|x86.Build.0 = Release|x86
	EndGlobalSection
	GlobalSection(SolutionProperties) = preSolution
		HideSolutionNode = FALSE
	EndGlobalSection
	GlobalSection(ExtensibilityGlobals) = postSolution
		SolutionGuid = {886E47C8-D63B-418E-BBB0-12450C797146}
	EndGlobalSection
EndGlobal
